
Microsoft Visual Studio Solution File, Format Version 12.00
# Visual Studio Version 17
VisualStudioVersion = 17.10.34928.147
MinimumVisualStudioVersion = 10.0.40219.1
Project("{FAE04EC0-301F-11D3-BF4B-00C04F79EFBC}") = "Api", "Api\Api.csproj", "{89EA1531-6E53-40A1-B366-D38CC8B42EC4}"
EndProject
Project("{FAE04EC0-301F-11D3-BF4B-00C04F79EFBC}") = "MensageryLib", "MensageryLib\MensageryLib.csproj", "{D7F20A75-380F-4ACA-8055-B7194EB8DFEF}"
EndProject
Project("{FAE04EC0-301F-11D3-BF4B-00C04F79EFBC}") = "UnitTestingLib", "UnitTestingLib\UnitTestingLib.csproj", "{F7531C30-2067-45DA-8C29-4011FE66DDC4}"
EndProject
Global
	GlobalSection(SolutionConfigurationPlatforms) = preSolution
		Debug|Any CPU = Debug|Any CPU
		Release|Any CPU = Release|Any CPU
	EndGlobalSection
	GlobalSection(ProjectConfigurationPlatforms) = postSolution
		{89EA1531-6E53-40A1-B366-D38CC8B42EC4}.Debug|Any CPU.ActiveCfg = Debug|Any CPU
		{89EA1531-6E53-40A1-B366-D38CC8B42EC4}.Debug|Any CPU.Build.0 = Debug|Any CPU
		{89EA1531-6E53-40A1-B366-D38CC8B42EC4}.Release|Any CPU.ActiveCfg = Release|Any CPU
		{89EA1531-6E53-40A1-B366-D38CC8B42EC4}.Release|Any CPU.Build.0 = Release|Any CPU
		{D7F20A75-380F-4ACA-8055-B7194EB8DFEF}.Debug|Any CPU.ActiveCfg = Debug|Any CPU
		{D7F20A75-380F-4ACA-8055-B7194EB8DFEF}.Debug|Any CPU.Build.0 = Debug|Any CPU
		{D7F20A75-380F-4ACA-8055-B7194EB8DFEF}.Release|Any CPU.ActiveCfg = Release|Any CPU
		{D7F20A75-380F-4ACA-8055-B7194EB8DFEF}.Release|Any CPU.Build.0 = Release|Any CPU
		{F7531C30-2067-45DA-8C29-4011FE66DDC4}.Debug|Any CPU.ActiveCfg = Debug|Any CPU
		{F7531C30-2067-45DA-8C29-4011FE66DDC4}.Debug|Any CPU.Build.0 = Debug|Any CPU
		{F7531C30-2067-45DA-8C29-4011FE66DDC4}.Release|Any CPU.ActiveCfg = Release|Any CPU
		{F7531C30-2067-45DA-8C29-4011FE66DDC4}.Release|Any CPU.Build.0 = Release|Any CPU
	EndGlobalSection
	GlobalSection(SolutionProperties) = preSolution
		HideSolutionNode = FALSE
	EndGlobalSection
	GlobalSection(ExtensibilityGlobals) = postSolution
		SolutionGuid = {7573B84F-8812-453B-AE03-F2E4A0929A03}
	EndGlobalSection
EndGlobal
